hash: 7e202fc0362aa57e1a4f68792377e9112dc8b3b072ca4d1e2f61fa0dad6a8a6d
updated: 2017-03-13T12:40:17.861592746-04:00
imports:
- name: github.com/gorilla/mux
  version: 392c28fe23e1c45ddba891b0320b3b5df220beea
- name: github.com/julienschmidt/httprouter
  version: 8c199fb6259ffc1af525cc3ad52ee60ba8359669
- name: github.com/mattermost/platform
  version: 06a7c3ba8e054237c44e8b1586c76d00c1cffb67
  subpackages:
  - model
- name: github.com/tylerb/graceful
  version: d72b0151351a13d0421b763b88f791469c4f5dc7
- name: github.com/urfave/cli
  version: 0bdeddeeb0f650497d603c4ad7b20cfe685682f6
- name: github.com/urfave/negroni
  version: fde5e16d32adc7ad637e9cd9ad21d4ebc6192535
testImports: []
